{
    "_readme": [
        "This file locks the dependencies of your project to a known state",
        "Read more about it at https://getcomposer.org/doc/01-basic-usage.md#composer-lock-the-lock-file",
        "This file is @generated automatically"
    ],
    "content-hash": "be22fdb2bb4e459229473def35e7ba83",
    "packages": [
        {
            "name": "leancloud/leancloud-sdk",
            "version": "v0.6.0",
            "source": {
                "type": "git",
                "url": "https://github.com/leancloud/php-sdk.git",
                "reference": "1b6501ffa902d31d0a355a1bb2d793793be4dc57"
            },
            "dist": {
                "type": "zip",
                "url": "https://api.github.com/repos/leancloud/php-sdk/zipball/1b6501ffa902d31d0a355a1bb2d793793be4dc57",
                "reference": "1b6501ffa902d31d0a355a1bb2d793793be4dc57",
                "shasum": ""
            },
            "require": {
                "ext-curl": "*"
            },
            "require-dev": {
                "apigen/apigen": "^4.1",
                "phpunit/phpunit": "^4.8"
            },
            "type": "library",
            "autoload": {
                "psr-4": {
                    "LeanCloud\\": "src/LeanCloud"
                }
            },
            "notification-url": "https://packagist.org/downloads/",
            "authors": [
                {
                    "name": "Juvenn Woo",
                    "email": "yun.wu@leancloud.rocks"
                }
            ],
            "description": "LeanCloud PHP SDK",
            "homepage": "https://github.com/leancloud/php-sdk",
            "keywords": [
                "leancloud"
            ],
            "time": "2017-09-06T10:15:54+00:00"
        }
    ],
    "packages-dev": [],
    "aliases": [],
    "minimum-stability": "stable",
    "stability-flags": [],
    "prefer-stable": false,
    "prefer-lowest": false,
    "platform": [],
    "platform-dev": []
}
